
Microsoft Visual Studio Solution File, Format Version 12.00
# Visual Studio Version 16
VisualStudioVersion = 16.0.31911.196
MinimumVisualStudioVersion = 10.0.40219.1
Project("{FAE04EC0-301F-11D3-BF4B-00C04F79EFBC}") = "ControleFinanceiro.API", "ControleFinanceiro.API\ControleFinanceiro.API.csproj", "{74035731-8E40-444B-9461-EBD239E00714}"
EndProject
Project("{FAE04EC0-301F-11D3-BF4B-00C04F79EFBC}") = "ControleFinanceiro.BLL", "..\ControleFinanceiro-BLL\ControleFinanceiro.BLL.csproj", "{4B23EAE6-068B-4B17-9E34-D575D863E666}"
EndProject
Project("{FAE04EC0-301F-11D3-BF4B-00C04F79EFBC}") = "ControleFinanceiro.DAL", "..\ControleFinanceiro.DAL\ControleFinanceiro.DAL.csproj", "{4A4FB8D2-31BF-465F-998D-A280EC9EB1BB}"
EndProject
Global
	GlobalSection(SolutionConfigurationPlatforms) = preSolution
		Debug|Any CPU = Debug|Any CPU
		Release|Any CPU = Release|Any CPU
	EndGlobalSection
	GlobalSection(ProjectConfigurationPlatforms) = postSolution
		{74035731-8E40-444B-9461-EBD239E00714}.Debug|Any CPU.ActiveCfg = Debug|Any CPU
		{74035731-8E40-444B-9461-EBD239E00714}.Debug|Any CPU.Build.0 = Debug|Any CPU
		{74035731-8E40-444B-9461-EBD239E00714}.Release|Any CPU.ActiveCfg = Release|Any CPU
		{74035731-8E40-444B-9461-EBD239E00714}.Release|Any CPU.Build.0 = Release|Any CPU
		{4B23EAE6-068B-4B17-9E34-D575D863E666}.Debug|Any CPU.ActiveCfg = Debug|Any CPU
		{4B23EAE6-068B-4B17-9E34-D575D863E666}.Debug|Any CPU.Build.0 = Debug|Any CPU
		{4B23EAE6-068B-4B17-9E34-D575D863E666}.Release|Any CPU.ActiveCfg = Release|Any CPU
		{4B23EAE6-068B-4B17-9E34-D575D863E666}.Release|Any CPU.Build.0 = Release|Any CPU
		{4A4FB8D2-31BF-465F-998D-A280EC9EB1BB}.Debug|Any CPU.ActiveCfg = Debug|Any CPU
		{4A4FB8D2-31BF-465F-998D-A280EC9EB1BB}.Debug|Any CPU.Build.0 = Debug|Any CPU
		{4A4FB8D2-31BF-465F-998D-A280EC9EB1BB}.Release|Any CPU.ActiveCfg = Release|Any CPU
		{4A4FB8D2-31BF-465F-998D-A280EC9EB1BB}.Release|Any CPU.Build.0 = Release|Any CPU
	EndGlobalSection
	GlobalSection(SolutionProperties) = preSolution
		HideSolutionNode = FALSE
	EndGlobalSection
	GlobalSection(ExtensibilityGlobals) = postSolution
		SolutionGuid = {53722714-0339-4FBB-B2F6-7530F85093B9}
	EndGlobalSection
EndGlobal
